// !$*UTF8*$!
{
	archiveVersion = 1;
	classes = {
	};
	objectVersion = 56;
	objects = {

/* Begin PBXBuildFile section */
		804ECCA22C4AA39000DAA270 /* CleanArchWeatherAppApp.swift in Sources */ = {isa = PBXBuildFile; fileRef = 804ECCA12C4AA39000DAA270 /* CleanArchWeatherAppApp.swift */; };
		804ECCA62C4AA39200DAA270 /* Assets.xcassets in Resources */ = {isa = PBXBuildFile; fileRef = 804ECCA52C4AA39200DAA270 /* Assets.xcassets */; };
		804ECCA92C4AA39200DAA270 /* Preview Assets.xcassets in Resources */ = {isa = PBXBuildFile; fileRef = 804ECCA82C4AA39200DAA270 /* Preview Assets.xcassets */; };
		804ECCB62C4ACFD200DAA270 /* TodoRepository.swift in Sources */ = {isa = PBXBuildFile; fileRef = 804ECCB52C4ACFD200DAA270 /* TodoRepository.swift */; };
		804ECCB92C4ACFF900DAA270 /* Entity.swift in Sources */ = {isa = PBXBuildFile; fileRef = 804ECCB82C4ACFF900DAA270 /* Entity.swift */; };
		804ECCC02C4AD08F00DAA270 /* TodoCoreDataImpl.swift in Sources */ = {isa = PBXBuildFile; fileRef = 804ECCBF2C4AD08F00DAA270 /* TodoCoreDataImpl.swift */; };
		804ECCC32C4AD0B700DAA270 /* TodoRepositoryImpl.swift in Sources */ = {isa = PBXBuildFile; fileRef = 804ECCC22C4AD0B700DAA270 /* TodoRepositoryImpl.swift */; };
		804ECCC62C4AD22D00DAA270 /* TodoItem.xcdatamodeld in Sources */ = {isa = PBXBuildFile; fileRef = 804ECCC42C4AD22C00DAA270 /* TodoItem.xcdatamodeld */; };
		804ECCC92C4AF77F00DAA270 /* TodoViewModel.swift in Sources */ = {isa = PBXBuildFile; fileRef = 804ECCC82C4AF77F00DAA270 /* TodoViewModel.swift */; };
		804ECCCC2C4AF95000DAA270 /* TodoListView.swift in Sources */ = {isa = PBXBuildFile; fileRef = 804ECCCB2C4AF95000DAA270 /* TodoListView.swift */; };
/* End PBXBuildFile section */

/* Begin PBXFileReference section */
		804ECC9E2C4AA39000DAA270 /* CleanArchWeatherApp.app */ = {isa = PBXFileReference; explicitFileType = wrapper.application; includeInIndex = 0; path = CleanArchWeatherApp.app; sourceTree = BUILT_PRODUCTS_DIR; };
		804ECCA12C4AA39000DAA270 /* CleanArchWeatherAppApp.swift */ = {isa = PBXFileReference; lastKnownFileType = sourcecode.swift; path = CleanArchWeatherAppApp.swift; sourceTree = "<group>"; };
		804ECCA52C4AA39200DAA270 /* Assets.xcassets */ = {isa = PBXFileReference; lastKnownFileType = folder.assetcatalog; path = Assets.xcassets; sourceTree = "<group>"; };
		804ECCA82C4AA39200DAA270 /* Preview Assets.xcassets */ = {isa = PBXFileReference; lastKnownFileType = folder.assetcatalog; path = "Preview Assets.xcassets"; sourceTree = "<group>"; };
		804ECCB52C4ACFD200DAA270 /* TodoRepository.swift */ = {isa = PBXFileReference; lastKnownFileType = sourcecode.swift; path = TodoRepository.swift; sourceTree = "<group>"; };
		804ECCB82C4ACFF900DAA270 /* Entity.swift */ = {isa = PBXFileReference; lastKnownFileType = sourcecode.swift; path = Entity.swift; sourceTree = "<group>"; };
		804ECCBF2C4AD08F00DAA270 /* TodoCoreDataImpl.swift */ = {isa = PBXFileReference; lastKnownFileType = sourcecode.swift; path = TodoCoreDataImpl.swift; sourceTree = "<group>"; };
		804ECCC22C4AD0B700DAA270 /* TodoRepositoryImpl.swift */ = {isa = PBXFileReference; lastKnownFileType = sourcecode.swift; path = TodoRepositoryImpl.swift; sourceTree = "<group>"; };
		804ECCC52C4AD22D00DAA270 /* EventData.xcdatamodel */ = {isa = PBXFileReference; lastKnownFileType = wrapper.xcdatamodel; path = EventData.xcdatamodel; sourceTree = "<group>"; };
		804ECCC82C4AF77F00DAA270 /* TodoViewModel.swift */ = {isa = PBXFileReference; lastKnownFileType = sourcecode.swift; path = TodoViewModel.swift; sourceTree = "<group>"; };
		804ECCCB2C4AF95000DAA270 /* TodoListView.swift */ = {isa = PBXFileReference; lastKnownFileType = sourcecode.swift; path = TodoListView.swift; sourceTree = "<group>"; };
/* End PBXFileReference section */

/* Begin PBXFrameworksBuildPhase section */
		804ECC9B2C4AA39000DAA270 /* Frameworks */ = {
			isa = PBXFrameworksBuildPhase;
			buildActionMask = 2147483647;
			files = (
			);
			runOnlyForDeploymentPostprocessing = 0;
		};
/* End PBXFrameworksBuildPhase section */

/* Begin PBXGroup section */
		804ECC952C4AA39000DAA270 = {
			isa = PBXGroup;
			children = (
				804ECCA02C4AA39000DAA270 /* CleanArchWeatherApp */,
				804ECC9F2C4AA39000DAA270 /* Products */,
			);
			sourceTree = "<group>";
		};
		804ECC9F2C4AA39000DAA270 /* Products */ = {
			isa = PBXGroup;
			children = (
				804ECC9E2C4AA39000DAA270 /* CleanArchWeatherApp.app */,
			);
			name = Products;
			sourceTree = "<group>";
		};
		804ECCA02C4AA39000DAA270 /* CleanArchWeatherApp */ = {
			isa = PBXGroup;
			children = (
				804ECCAF2C4AA5F200DAA270 /* Core */,
				804ECCB02C4AA60400DAA270 /* Data */,
				804ECCB22C4AA61400DAA270 /* Domain */,
				804ECCB12C4AA60C00DAA270 /* Presentation */,
				804ECCA12C4AA39000DAA270 /* CleanArchWeatherAppApp.swift */,
				804ECCC42C4AD22C00DAA270 /* TodoItem.xcdatamodeld */,
				804ECCA52C4AA39200DAA270 /* Assets.xcassets */,
				804ECCA72C4AA39200DAA270 /* Preview Content */,
			);
			path = CleanArchWeatherApp;
			sourceTree = "<group>";
		};
		804ECCA72C4AA39200DAA270 /* Preview Content */ = {
			isa = PBXGroup;
			children = (
				804ECCA82C4AA39200DAA270 /* Preview Assets.xcassets */,
			);
			path = "Preview Content";
			sourceTree = "<group>";
		};
		804ECCAF2C4AA5F200DAA270 /* Core */ = {
			isa = PBXGroup;
			children = (
			);
			path = Core;
			sourceTree = "<group>";
		};
		804ECCB02C4AA60400DAA270 /* Data */ = {
			isa = PBXGroup;
			children = (
				804ECCC12C4AD0AC00DAA270 /* Repository */,
				804ECCBD2C4AD07D00DAA270 /* DataSource */,
			);
			path = Data;
			sourceTree = "<group>";
		};
		804ECCB12C4AA60C00DAA270 /* Presentation */ = {
			isa = PBXGroup;
			children = (
				804ECCCA2C4AF92100DAA270 /* View */,
				804ECCC72C4AF75F00DAA270 /* ViewModel */,
			);
			path = Presentation;
			sourceTree = "<group>";
		};
		804ECCB22C4AA61400DAA270 /* Domain */ = {
			isa = PBXGroup;
			children = (
				804ECCB42C4ACFB400DAA270 /* Repository */,
				804ECCB32C4ACFA700DAA270 /* Entity */,
			);
			path = Domain;
			sourceTree = "<group>";
		};
		804ECCB32C4ACFA700DAA270 /* Entity */ = {
			isa = PBXGroup;
			children = (
				804ECCB72C4ACFE700DAA270 /* Todo */,
			);
			path = Entity;
			sourceTree = "<group>";
		};
		804ECCB42C4ACFB400DAA270 /* Repository */ = {
			isa = PBXGroup;
			children = (
				804ECCB52C4ACFD200DAA270 /* TodoRepository.swift */,
			);
			path = Repository;
			sourceTree = "<group>";
		};
		804ECCB72C4ACFE700DAA270 /* Todo */ = {
			isa = PBXGroup;
			children = (
				804ECCB82C4ACFF900DAA270 /* Entity.swift */,
			);
			path = Todo;
			sourceTree = "<group>";
		};
		804ECCBD2C4AD07D00DAA270 /* DataSource */ = {
			isa = PBXGroup;
			children = (
				804ECCBE2C4AD08500DAA270 /* CoreData */,
			);
			path = DataSource;
			sourceTree = "<group>";
		};
		804ECCBE2C4AD08500DAA270 /* CoreData */ = {
			isa = PBXGroup;
			children = (
				804ECCBF2C4AD08F00DAA270 /* TodoCoreDataImpl.swift */,
			);
			path = CoreData;
			sourceTree = "<group>";
		};
		804ECCC12C4AD0AC00DAA270 /* Repository */ = {
			isa = PBXGroup;
			children = (
				804ECCC22C4AD0B700DAA270 /* TodoRepositoryImpl.swift */,
			);
			path = Repository;
			sourceTree = "<group>";
		};
		804ECCC72C4AF75F00DAA270 /* ViewModel */ = {
			isa = PBXGroup;
			children = (
				804ECCC82C4AF77F00DAA270 /* TodoViewModel.swift */,
			);
			path = ViewModel;
			sourceTree = "<group>";
		};
		804ECCCA2C4AF92100DAA270 /* View */ = {
			isa = PBXGroup;
			children = (
				804ECCCB2C4AF95000DAA270 /* TodoListView.swift */,
			);
			path = View;
			sourceTree = "<group>";
		};
/* End PBXGroup section */

/* Begin PBXNativeTarget section */
		804ECC9D2C4AA39000DAA270 /* CleanArchWeatherApp */ = {
			isa = PBXNativeTarget;
			buildConfigurationList = 804ECCAC2C4AA39200DAA270 /* Build configuration list for PBXNativeTarget "CleanArchWeatherApp" */;
			buildPhases = (
				804ECC9A2C4AA39000DAA270 /* Sources */,
				804ECC9B2C4AA39000DAA270 /* Frameworks */,
				804ECC9C2C4AA39000DAA270 /* Resources */,
			);
			buildRules = (
			);
			dependencies = (
			);
			name = CleanArchWeatherApp;
			productName = CleanArchWeatherApp;
			productReference = 804ECC9E2C4AA39000DAA270 /* CleanArchWeatherApp.app */;
			productType = "com.apple.product-type.application";
		};
/* End PBXNativeTarget section */

/* Begin PBXProject section */
		804ECC962C4AA39000DAA270 /* Project object */ = {
			isa = PBXProject;
			attributes = {
				BuildIndependentTargetsInParallel = 1;
				LastSwiftUpdateCheck = 1500;
				LastUpgradeCheck = 1500;
				TargetAttributes = {
					804ECC9D2C4AA39000DAA270 = {
						CreatedOnToolsVersion = 15.0.1;
					};
				};
			};
			buildConfigurationList = 804ECC992C4AA39000DAA270 /* Build configuration list for PBXProject "CleanArchWeatherApp" */;
			compatibilityVersion = "Xcode 14.0";
			developmentRegion = en;
			hasScannedForEncodings = 0;
			knownRegions = (
				en,
				Base,
			);
			mainGroup = 804ECC952C4AA39000DAA270;
			productRefGroup = 804ECC9F2C4AA39000DAA270 /* Products */;
			projectDirPath = "";
			projectRoot = "";
			targets = (
				804ECC9D2C4AA39000DAA270 /* CleanArchWeatherApp */,
			);
		};
/* End PBXProject section */

/* Begin PBXResourcesBuildPhase section */
		804ECC9C2C4AA39000DAA270 /* Resources */ = {
			isa = PBXResourcesBuildPhase;
			buildActionMask = 2147483647;
			files = (
				804ECCA92C4AA39200DAA270 /* Preview Assets.xcassets in Resources */,
				804ECCA62C4AA39200DAA270 /* Assets.xcassets in Resources */,
			);
			runOnlyForDeploymentPostprocessing = 0;
		};
/* End PBXResourcesBuildPhase section */

/* Begin PBXSourcesBuildPhase section */
		804ECC9A2C4AA39000DAA270 /* Sources */ = {
			isa = PBXSourcesBuildPhase;
			buildActionMask = 2147483647;
			files = (
				804ECCC92C4AF77F00DAA270 /* TodoViewModel.swift in Sources */,
				804ECCB92C4ACFF900DAA270 /* Entity.swift in Sources */,
				804ECCC02C4AD08F00DAA270 /* TodoCoreDataImpl.swift in Sources */,
				804ECCC62C4AD22D00DAA270 /* TodoItem.xcdatamodeld in Sources */,
				804ECCCC2C4AF95000DAA270 /* TodoListView.swift in Sources */,
				804ECCC32C4AD0B700DAA270 /* TodoRepositoryImpl.swift in Sources */,
				804ECCB62C4ACFD200DAA270 /* TodoRepository.swift in Sources */,
				804ECCA22C4AA39000DAA270 /* CleanArchWeatherAppApp.swift in Sources */,
			);
			runOnlyForDeploymentPostprocessing = 0;
		};
/* End PBXSourcesBuildPhase section */

/* Begin XCBuildConfiguration section */
		804ECCAA2C4AA39200DAA270 /* Debug */ = {
			isa = XCBuildConfiguration;
			buildSettings = {
				ALWAYS_SEARCH_USER_PATHS = NO;
				ASSETCATALOG_COMPILER_GENERATE_SWIFT_ASSET_SYMBOL_EXTENSIONS = YES;
				CLANG_ANALYZER_NONNULL = YES;
				CLANG_ANALYZER_NUMBER_OBJECT_CONVERSION = YES_AGGRESSIVE;
				CLANG_CXX_LANGUAGE_STANDARD = "gnu++20";
				CLANG_ENABLE_MODULES = YES;
				CLANG_ENABLE_OBJC_ARC = YES;
				CLANG_ENABLE_OBJC_WEAK = YES;
				CLANG_WARN_BLOCK_CAPTURE_AUTORELEASING = YES;
				CLANG_WARN_BOOL_CONVERSION = YES;
				CLANG_WARN_COMMA = YES;
				CLANG_WARN_CONSTANT_CONVERSION = YES;
				CLANG_WARN_DEPRECATED_OBJC_IMPLEMENTATIONS = YES;
				CLANG_WARN_DIRECT_OBJC_ISA_USAGE = YES_ERROR;
				CLANG_WARN_DOCUMENTATION_COMMENTS = YES;
				CLANG_WARN_EMPTY_BODY = YES;
				CLANG_WARN_ENUM_CONVERSION = YES;
				CLANG_WARN_INFINITE_RECURSION = YES;
				CLANG_WARN_INT_CONVERSION = YES;
				CLANG_WARN_NON_LITERAL_NULL_CONVERSION = YES;
				CLANG_WARN_OBJC_IMPLICIT_RETAIN_SELF = YES;
				CLANG_WARN_OBJC_LITERAL_CONVERSION = YES;
				CLANG_WARN_OBJC_ROOT_CLASS = YES_ERROR;
				CLANG_WARN_QUOTED_INCLUDE_IN_FRAMEWORK_HEADER = YES;
				CLANG_WARN_RANGE_LOOP_ANALYSIS = YES;
				CLANG_WARN_STRICT_PROTOTYPES = YES;
				CLANG_WARN_SUSPICIOUS_MOVE = YES;
				CLANG_WARN_UNGUARDED_AVAILABILITY = YES_AGGRESSIVE;
				CLANG_WARN_UNREACHABLE_CODE = YES;
				CLANG_WARN__DUPLICATE_METHOD_MATCH = YES;
				COPY_PHASE_STRIP = NO;
				DEBUG_INFORMATION_FORMAT = dwarf;
				ENABLE_STRICT_OBJC_MSGSEND = YES;
				ENABLE_TESTABILITY = YES;
				ENABLE_USER_SCRIPT_SANDBOXING = YES;
				GCC_C_LANGUAGE_STANDARD = gnu17;
				GCC_DYNAMIC_NO_PIC = NO;
				GCC_NO_COMMON_BLOCKS = YES;
				GCC_OPTIMIZATION_LEVEL = 0;
				GCC_PREPROCESSOR_DEFINITIONS = (
					"DEBUG=1",
					"$(inherited)",
				);
				GCC_WARN_64_TO_32_BIT_CONVERSION = YES;
				GCC_WARN_ABOUT_RETURN_TYPE = YES_ERROR;
				GCC_WARN_UNDECLARED_SELECTOR = YES;
				GCC_WARN_UNINITIALIZED_AUTOS = YES_AGGRESSIVE;
				GCC_WARN_UNUSED_FUNCTION = YES;
				GCC_WARN_UNUSED_VARIABLE = YES;
				IPHONEOS_DEPLOYMENT_TARGET = 17.0;
				LOCALIZATION_PREFERS_STRING_CATALOGS = YES;
				MTL_ENABLE_DEBUG_INFO = INCLUDE_SOURCE;
				MTL_FAST_MATH = YES;
				ONLY_ACTIVE_ARCH = YES;
				SDKROOT = iphoneos;
				SWIFT_ACTIVE_COMPILATION_CONDITIONS = "DEBUG $(inherited)";
				SWIFT_OPTIMIZATION_LEVEL = "-Onone";
			};
			name = Debug;
		};
		804ECCAB2C4AA39200DAA270 /* Release */ = {
			isa = XCBuildConfiguration;
			buildSettings = {
				ALWAYS_SEARCH_USER_PATHS = NO;
				ASSETCATALOG_COMPILER_GENERATE_SWIFT_ASSET_SYMBOL_EXTENSIONS = YES;
				CLANG_ANALYZER_NONNULL = YES;
				CLANG_ANALYZER_NUMBER_OBJECT_CONVERSION = YES_AGGRESSIVE;
				CLANG_CXX_LANGUAGE_STANDARD = "gnu++20";
				CLANG_ENABLE_MODULES = YES;
				CLANG_ENABLE_OBJC_ARC = YES;
				CLANG_ENABLE_OBJC_WEAK = YES;
				CLANG_WARN_BLOCK_CAPTURE_AUTORELEASING = YES;
				CLANG_WARN_BOOL_CONVERSION = YES;
				CLANG_WARN_COMMA = YES;
				CLANG_WARN_CONSTANT_CONVERSION = YES;
				CLANG_WARN_DEPRECATED_OBJC_IMPLEMENTATIONS = YES;
				CLANG_WARN_DIRECT_OBJC_ISA_USAGE = YES_ERROR;
				CLANG_WARN_DOCUMENTATION_COMMENTS = YES;
				CLANG_WARN_EMPTY_BODY = YES;
				CLANG_WARN_ENUM_CONVERSION = YES;
				CLANG_WARN_INFINITE_RECURSION = YES;
				CLANG_WARN_INT_CONVERSION = YES;
				CLANG_WARN_NON_LITERAL_NULL_CONVERSION = YES;
				CLANG_WARN_OBJC_IMPLICIT_RETAIN_SELF = YES;
				CLANG_WARN_OBJC_LITERAL_CONVERSION = YES;
				CLANG_WARN_OBJC_ROOT_CLASS = YES_ERROR;
				CLANG_WARN_QUOTED_INCLUDE_IN_FRAMEWORK_HEADER = YES;
				CLANG_WARN_RANGE_LOOP_ANALYSIS = YES;
				CLANG_WARN_STRICT_PROTOTYPES = YES;
				CLANG_WARN_SUSPICIOUS_MOVE = YES;
				CLANG_WARN_UNGUARDED_AVAILABILITY = YES_AGGRESSIVE;
				CLANG_WARN_UNREACHABLE_CODE = YES;
				CLANG_WARN__DUPLICATE_METHOD_MATCH = YES;
				COPY_PHASE_STRIP = NO;
				DEBUG_INFORMATION_FORMAT = "dwarf-with-dsym";
				ENABLE_NS_ASSERTIONS = NO;
				ENABLE_STRICT_OBJC_MSGSEND = YES;
				ENABLE_USER_SCRIPT_SANDBOXING = YES;
				GCC_C_LANGUAGE_STANDARD = gnu17;
				GCC_NO_COMMON_BLOCKS = YES;
				GCC_WARN_64_TO_32_BIT_CONVERSION = YES;
				GCC_WARN_ABOUT_RETURN_TYPE = YES_ERROR;
				GCC_WARN_UNDECLARED_SELECTOR = YES;
				GCC_WARN_UNINITIALIZED_AUTOS = YES_AGGRESSIVE;
				GCC_WARN_UNUSED_FUNCTION = YES;
				GCC_WARN_UNUSED_VARIABLE = YES;
				IPHONEOS_DEPLOYMENT_TARGET = 17.0;
				LOCALIZATION_PREFERS_STRING_CATALOGS = YES;
				MTL_ENABLE_DEBUG_INFO = NO;
				MTL_FAST_MATH = YES;
				SDKROOT = iphoneos;
				SWIFT_COMPILATION_MODE = wholemodule;
				VALIDATE_PRODUCT = YES;
			};
			name = Release;
		};
		804ECCAD2C4AA39200DAA270 /* Debug */ = {
			isa = XCBuildConfiguration;
			buildSettings = {
				ASSETCATALOG_COMPILER_APPICON_NAME = AppIcon;
				ASSETCATALOG_COMPILER_GLOBAL_ACCENT_COLOR_NAME = AccentColor;
				CODE_SIGN_STYLE = Automatic;
				CURRENT_PROJECT_VERSION = 1;
				DEVELOPMENT_ASSET_PATHS = "\"CleanArchWeatherApp/Preview Content\"";
				DEVELOPMENT_TEAM = 3VN32FCAR7;
				ENABLE_PREVIEWS = YES;
				GENERATE_INFOPLIST_FILE = YES;
				INFOPLIST_KEY_UIApplicationSceneManifest_Generation = YES;
				INFOPLIST_KEY_UIApplicationSupportsIndirectInputEvents = YES;
				INFOPLIST_KEY_UILaunchScreen_Generation = YES;
				INFOPLIST_KEY_UISupportedInterfaceOrientations_iPad = "UIInterfaceOrientationPortrait UIInterfaceOrientationPortraitUpsideDown UIInterfaceOrientationLandscapeLeft UIInterfaceOrientationLandscapeRight";
				INFOPLIST_KEY_UISupportedInterfaceOrientations_iPhone = "UIInterfaceOrientationPortrait UIInterfaceOrientationLandscapeLeft UIInterfaceOrientationLandscapeRight";
				LD_RUNPATH_SEARCH_PATHS = (
					"$(inherited)",
					"@executable_path/Frameworks",
				);
				MARKETING_VERSION = 1.0;
				PRODUCT_BUNDLE_IDENTIFIER = mine.CleanArchWeatherApp;
				PRODUCT_NAME = "$(TARGET_NAME)";
				SWIFT_EMIT_LOC_STRINGS = YES;
				SWIFT_VERSION = 5.0;
				TARGETED_DEVICE_FAMILY = "1,2";
			};
			name = Debug;
		};
		804ECCAE2C4AA39200DAA270 /* Release */ = {
			isa = XCBuildConfiguration;
			buildSettings = {
				ASSETCATALOG_COMPILER_APPICON_NAME = AppIcon;
				ASSETCATALOG_COMPILER_GLOBAL_ACCENT_COLOR_NAME = AccentColor;
				CODE_SIGN_STYLE = Automatic;
				CURRENT_PROJECT_VERSION = 1;
				DEVELOPMENT_ASSET_PATHS = "\"CleanArchWeatherApp/Preview Content\"";
				DEVELOPMENT_TEAM = 3VN32FCAR7;
				ENABLE_PREVIEWS = YES;
				GENERATE_INFOPLIST_FILE = YES;
				INFOPLIST_KEY_UIApplicationSceneManifest_Generation = YES;
				INFOPLIST_KEY_UIApplicationSupportsIndirectInputEvents = YES;
				INFOPLIST_KEY_UILaunchScreen_Generation = YES;
				INFOPLIST_KEY_UISupportedInterfaceOrientations_iPad = "UIInterfaceOrientationPortrait UIInterfaceOrientationPortraitUpsideDown UIInterfaceOrientationLandscapeLeft UIInterfaceOrientationLandscapeRight";
				INFOPLIST_KEY_UISupportedInterfaceOrientations_iPhone = "UIInterfaceOrientationPortrait UIInterfaceOrientationLandscapeLeft UIInterfaceOrientationLandscapeRight";
				LD_RUNPATH_SEARCH_PATHS = (
					"$(inherited)",
					"@executable_path/Frameworks",
				);
				MARKETING_VERSION = 1.0;
				PRODUCT_BUNDLE_IDENTIFIER = mine.CleanArchWeatherApp;
				PRODUCT_NAME = "$(TARGET_NAME)";
				SWIFT_EMIT_LOC_STRINGS = YES;
				SWIFT_VERSION = 5.0;
				TARGETED_DEVICE_FAMILY = "1,2";
			};
			name = Release;
		};
/* End XCBuildConfiguration section */

/* Begin XCConfigurationList section */
		804ECC992C4AA39000DAA270 /* Build configuration list for PBXProject "CleanArchWeatherApp" */ = {
			isa = XCConfigurationList;
			buildConfigurations = (
				804ECCAA2C4AA39200DAA270 /* Debug */,
				804ECCAB2C4AA39200DAA270 /* Release */,
			);
			defaultConfigurationIsVisible = 0;
			defaultConfigurationName = Release;
		};
		804ECCAC2C4AA39200DAA270 /* Build configuration list for PBXNativeTarget "CleanArchWeatherApp" */ = {
			isa = XCConfigurationList;
			buildConfigurations = (
				804ECCAD2C4AA39200DAA270 /* Debug */,
				804ECCAE2C4AA39200DAA270 /* Release */,
			);
			defaultConfigurationIsVisible = 0;
			defaultConfigurationName = Release;
		};
/* End XCConfigurationList section */

/* Begin XCVersionGroup section */
		804ECCC42C4AD22C00DAA270 /* TodoItem.xcdatamodeld */ = {
			isa = XCVersionGroup;
			children = (
				804ECCC52C4AD22D00DAA270 /* EventData.xcdatamodel */,
			);
			currentVersion = 804ECCC52C4AD22D00DAA270 /* EventData.xcdatamodel */;
			path = TodoItem.xcdatamodeld;
			sourceTree = "<group>";
			versionGroupType = wrapper.xcdatamodel;
		};
/* End XCVersionGroup section */
	};
	rootObject = 804ECC962C4AA39000DAA270 /* Project object */;
}
